
Microsoft Visual Studio Solution File, Format Version 12.00
# Visual Studio Version 16
VisualStudioVersion = 16.0.31313.79
MinimumVisualStudioVersion = 10.0.40219.1
Project("{FAE04EC0-301F-11D3-BF4B-00C04F79EFBC}") = "MiProyecto02", "MiProyecto02\MiProyecto02.csproj", "{3957EA45-AC2A-43C7-ACB4-798803E17EC8}"
EndProject
Global
	GlobalSection(SolutionConfigurationPlatforms) = preSolution
		Debug|Any CPU = Debug|Any CPU
		Release|Any CPU = Release|Any CPU
	EndGlobalSection
	GlobalSection(ProjectConfigurationPlatforms) = postSolution
		{3957EA45-AC2A-43C7-ACB4-798803E17EC8}.Debug|Any CPU.ActiveCfg = Debug|Any CPU
		{3957EA45-AC2A-43C7-ACB4-798803E17EC8}.Debug|Any CPU.Build.0 = Debug|Any CPU
		{3957EA45-AC2A-43C7-ACB4-798803E17EC8}.Release|Any CPU.ActiveCfg = Release|Any CPU
		{3957EA45-AC2A-43C7-ACB4-798803E17EC8}.Release|Any CPU.Build.0 = Release|Any CPU
	EndGlobalSection
	GlobalSection(SolutionProperties) = preSolution
		HideSolutionNode = FALSE
	EndGlobalSection
	GlobalSection(ExtensibilityGlobals) = postSolution
		SolutionGuid = {C459096A-70D9-4546-8C59-CAEB8B7289DC}
	EndGlobalSection
EndGlobal
