
Microsoft Visual Studio Solution File, Format Version 12.00
# Visual Studio Version 16
VisualStudioVersion = 16.0.31313.79
MinimumVisualStudioVersion = 10.0.40219.1
Project("{FAE04EC0-301F-11D3-BF4B-00C04F79EFBC}") = "formulario de contacto", "formulario de contacto\formulario de contacto.csproj", "{2C805002-6D5B-4530-9A61-0591D62460CD}"
EndProject
Global
	GlobalSection(SolutionConfigurationPlatforms) = preSolution
		Debug|Any CPU = Debug|Any CPU
		Release|Any CPU = Release|Any CPU
	EndGlobalSection
	GlobalSection(ProjectConfigurationPlatforms) = postSolution
		{2C805002-6D5B-4530-9A61-0591D62460CD}.Debug|Any CPU.ActiveCfg = Debug|Any CPU
		{2C805002-6D5B-4530-9A61-0591D62460CD}.Debug|Any CPU.Build.0 = Debug|Any CPU
		{2C805002-6D5B-4530-9A61-0591D62460CD}.Release|Any CPU.ActiveCfg = Release|Any CPU
		{2C805002-6D5B-4530-9A61-0591D62460CD}.Release|Any CPU.Build.0 = Release|Any CPU
	EndGlobalSection
	GlobalSection(SolutionProperties) = preSolution
		HideSolutionNode = FALSE
	EndGlobalSection
	GlobalSection(ExtensibilityGlobals) = postSolution
		SolutionGuid = {42B71357-1C4F-4603-A12F-CA7DB7492FA8}
	EndGlobalSection
EndGlobal
