
Microsoft Visual Studio Solution File, Format Version 12.00
# Visual Studio Version 16
VisualStudioVersion = 16.0.31911.196
MinimumVisualStudioVersion = 10.0.40219.1
Project("{FAE04EC0-301F-11D3-BF4B-00C04F79EFBC}") = "Delegados", "Delegados\Delegados.csproj", "{B6E4E590-7213-4F17-9F34-58BF589AFBDB}"
EndProject
Global
	GlobalSection(SolutionConfigurationPlatforms) = preSolution
		Debug|Any CPU = Debug|Any CPU
		Release|Any CPU = Release|Any CPU
	EndGlobalSection
	GlobalSection(ProjectConfigurationPlatforms) = postSolution
		{B6E4E590-7213-4F17-9F34-58BF589AFBDB}.Debug|Any CPU.ActiveCfg = Debug|Any CPU
		{B6E4E590-7213-4F17-9F34-58BF589AFBDB}.Debug|Any CPU.Build.0 = Debug|Any CPU
		{B6E4E590-7213-4F17-9F34-58BF589AFBDB}.Release|Any CPU.ActiveCfg = Release|Any CPU
		{B6E4E590-7213-4F17-9F34-58BF589AFBDB}.Release|Any CPU.Build.0 = Release|Any CPU
	EndGlobalSection
	GlobalSection(SolutionProperties) = preSolution
		HideSolutionNode = FALSE
	EndGlobalSection
	GlobalSection(ExtensibilityGlobals) = postSolution
		SolutionGuid = {C8FD6583-886C-425D-94A8-8439C457B616}
	EndGlobalSection
EndGlobal
