
Microsoft Visual Studio Solution File, Format Version 12.00
# Visual Studio Version 16
VisualStudioVersion = 16.0.31605.320
MinimumVisualStudioVersion = 10.0.40219.1
Project("{FAE04EC0-301F-11D3-BF4B-00C04F79EFBC}") = "seguridad con ASP.net", "seguridad con ASP.net\seguridad con ASP.net.csproj", "{3B676BAC-EA4B-46BD-BDDE-9F9FD6540F15}"
EndProject
Global
	GlobalSection(SolutionConfigurationPlatforms) = preSolution
		Debug|Any CPU = Debug|Any CPU
		Release|Any CPU = Release|Any CPU
	EndGlobalSection
	GlobalSection(ProjectConfigurationPlatforms) = postSolution
		{3B676BAC-EA4B-46BD-BDDE-9F9FD6540F15}.Debug|Any CPU.ActiveCfg = Debug|Any CPU
		{3B676BAC-EA4B-46BD-BDDE-9F9FD6540F15}.Debug|Any CPU.Build.0 = Debug|Any CPU
		{3B676BAC-EA4B-46BD-BDDE-9F9FD6540F15}.Release|Any CPU.ActiveCfg = Release|Any CPU
		{3B676BAC-EA4B-46BD-BDDE-9F9FD6540F15}.Release|Any CPU.Build.0 = Release|Any CPU
	EndGlobalSection
	GlobalSection(SolutionProperties) = preSolution
		HideSolutionNode = FALSE
	EndGlobalSection
	GlobalSection(ExtensibilityGlobals) = postSolution
		SolutionGuid = {6EC7894D-F09E-4D4A-8360-C38A7286CA87}
	EndGlobalSection
EndGlobal
