
Microsoft Visual Studio Solution File, Format Version 12.00
# Visual Studio Version 16
VisualStudioVersion = 16.0.31911.196
MinimumVisualStudioVersion = 10.0.40219.1
Project("{FAE04EC0-301F-11D3-BF4B-00C04F79EFBC}") = "Arrays", "Arrays\Arrays.csproj", "{A56CEB52-C978-411B-9207-731693FF14F0}"
EndProject
Global
	GlobalSection(SolutionConfigurationPlatforms) = preSolution
		Debug|Any CPU = Debug|Any CPU
		Release|Any CPU = Release|Any CPU
	EndGlobalSection
	GlobalSection(ProjectConfigurationPlatforms) = postSolution
		{A56CEB52-C978-411B-9207-731693FF14F0}.Debug|Any CPU.ActiveCfg = Debug|Any CPU
		{A56CEB52-C978-411B-9207-731693FF14F0}.Debug|Any CPU.Build.0 = Debug|Any CPU
		{A56CEB52-C978-411B-9207-731693FF14F0}.Release|Any CPU.ActiveCfg = Release|Any CPU
		{A56CEB52-C978-411B-9207-731693FF14F0}.Release|Any CPU.Build.0 = Release|Any CPU
	EndGlobalSection
	GlobalSection(SolutionProperties) = preSolution
		HideSolutionNode = FALSE
	EndGlobalSection
	GlobalSection(ExtensibilityGlobals) = postSolution
		SolutionGuid = {CC29DE46-B8C6-4819-96FA-38CBA3CFDE01}
	EndGlobalSection
EndGlobal
