
Microsoft Visual Studio Solution File, Format Version 12.00
# Visual Studio Version 16
VisualStudioVersion = 16.0.31313.79
MinimumVisualStudioVersion = 10.0.40219.1
Project("{FAE04EC0-301F-11D3-BF4B-00C04F79EFBC}") = "MiProyecto01", "MiProyecto01\MiProyecto01.csproj", "{CC67564D-62D7-4385-9DE5-725C14C4000A}"
EndProject
Global
	GlobalSection(SolutionConfigurationPlatforms) = preSolution
		Debug|Any CPU = Debug|Any CPU
		Release|Any CPU = Release|Any CPU
	EndGlobalSection
	GlobalSection(ProjectConfigurationPlatforms) = postSolution
		{CC67564D-62D7-4385-9DE5-725C14C4000A}.Debug|Any CPU.ActiveCfg = Debug|Any CPU
		{CC67564D-62D7-4385-9DE5-725C14C4000A}.Debug|Any CPU.Build.0 = Debug|Any CPU
		{CC67564D-62D7-4385-9DE5-725C14C4000A}.Release|Any CPU.ActiveCfg = Release|Any CPU
		{CC67564D-62D7-4385-9DE5-725C14C4000A}.Release|Any CPU.Build.0 = Release|Any CPU
	EndGlobalSection
	GlobalSection(SolutionProperties) = preSolution
		HideSolutionNode = FALSE
	EndGlobalSection
	GlobalSection(ExtensibilityGlobals) = postSolution
		SolutionGuid = {1E13D02E-76CA-4CF8-A5F2-910652AE9172}
	EndGlobalSection
EndGlobal
