
Microsoft Visual Studio Solution File, Format Version 12.00
# Visual Studio Version 16
VisualStudioVersion = 16.0.31313.79
MinimumVisualStudioVersion = 10.0.40219.1
Project("{FAE04EC0-301F-11D3-BF4B-00C04F79EFBC}") = "MiPaginaPresentacion", "MiPaginaPresentacion\MiPaginaPresentacion.csproj", "{8AC57AC0-B433-44F0-B59B-AEF7521DEC8C}"
EndProject
Project("{FAE04EC0-301F-11D3-BF4B-00C04F79EFBC}") = "Entidades", "Entidades\Entidades.csproj", "{F4163592-CEF3-49BD-8A53-D48E0E3D35E5}"
EndProject
Project("{FAE04EC0-301F-11D3-BF4B-00C04F79EFBC}") = "Negocio", "Negocio\Negocio.csproj", "{214BDEC0-4795-4D67-A4E4-A555C2CC32AE}"
EndProject
Project("{FAE04EC0-301F-11D3-BF4B-00C04F79EFBC}") = "AccesoDatos", "AccesoDatos\AccesoDatos.csproj", "{1279512A-BFB7-4019-AA6E-E7DCCFE3B6A1}"
EndProject
Global
	GlobalSection(SolutionConfigurationPlatforms) = preSolution
		Debug|Any CPU = Debug|Any CPU
		Release|Any CPU = Release|Any CPU
	EndGlobalSection
	GlobalSection(ProjectConfigurationPlatforms) = postSolution
		{8AC57AC0-B433-44F0-B59B-AEF7521DEC8C}.Debug|Any CPU.ActiveCfg = Debug|Any CPU
		{8AC57AC0-B433-44F0-B59B-AEF7521DEC8C}.Debug|Any CPU.Build.0 = Debug|Any CPU
		{8AC57AC0-B433-44F0-B59B-AEF7521DEC8C}.Release|Any CPU.ActiveCfg = Release|Any CPU
		{8AC57AC0-B433-44F0-B59B-AEF7521DEC8C}.Release|Any CPU.Build.0 = Release|Any CPU
		{F4163592-CEF3-49BD-8A53-D48E0E3D35E5}.Debug|Any CPU.ActiveCfg = Debug|Any CPU
		{F4163592-CEF3-49BD-8A53-D48E0E3D35E5}.Debug|Any CPU.Build.0 = Debug|Any CPU
		{F4163592-CEF3-49BD-8A53-D48E0E3D35E5}.Release|Any CPU.ActiveCfg = Release|Any CPU
		{F4163592-CEF3-49BD-8A53-D48E0E3D35E5}.Release|Any CPU.Build.0 = Release|Any CPU
		{214BDEC0-4795-4D67-A4E4-A555C2CC32AE}.Debug|Any CPU.ActiveCfg = Debug|Any CPU
		{214BDEC0-4795-4D67-A4E4-A555C2CC32AE}.Debug|Any CPU.Build.0 = Debug|Any CPU
		{214BDEC0-4795-4D67-A4E4-A555C2CC32AE}.Release|Any CPU.ActiveCfg = Release|Any CPU
		{214BDEC0-4795-4D67-A4E4-A555C2CC32AE}.Release|Any CPU.Build.0 = Release|Any CPU
		{1279512A-BFB7-4019-AA6E-E7DCCFE3B6A1}.Debug|Any CPU.ActiveCfg = Debug|Any CPU
		{1279512A-BFB7-4019-AA6E-E7DCCFE3B6A1}.Debug|Any CPU.Build.0 = Debug|Any CPU
		{1279512A-BFB7-4019-AA6E-E7DCCFE3B6A1}.Release|Any CPU.ActiveCfg = Release|Any CPU
		{1279512A-BFB7-4019-AA6E-E7DCCFE3B6A1}.Release|Any CPU.Build.0 = Release|Any CPU
	EndGlobalSection
	GlobalSection(SolutionProperties) = preSolution
		HideSolutionNode = FALSE
	EndGlobalSection
	GlobalSection(ExtensibilityGlobals) = postSolution
		SolutionGuid = {9C66434C-8455-4B8E-B36E-40F4B5891E9A}
	EndGlobalSection
EndGlobal
