
Microsoft Visual Studio Solution File, Format Version 12.00
# Visual Studio Version 16
VisualStudioVersion = 16.0.31313.79
MinimumVisualStudioVersion = 10.0.40219.1
Project("{FAE04EC0-301F-11D3-BF4B-00C04F79EFBC}") = "MiPaginaPresentacion", "MiPaginaPresentacion\MiPaginaPresentacion.csproj", "{8AC57AC0-B433-44F0-B59B-AEF7521DEC8C}"
EndProject
Global
	GlobalSection(SolutionConfigurationPlatforms) = preSolution
		Debug|Any CPU = Debug|Any CPU
		Release|Any CPU = Release|Any CPU
	EndGlobalSection
	GlobalSection(ProjectConfigurationPlatforms) = postSolution
		{8AC57AC0-B433-44F0-B59B-AEF7521DEC8C}.Debug|Any CPU.ActiveCfg = Debug|Any CPU
		{8AC57AC0-B433-44F0-B59B-AEF7521DEC8C}.Debug|Any CPU.Build.0 = Debug|Any CPU
		{8AC57AC0-B433-44F0-B59B-AEF7521DEC8C}.Release|Any CPU.ActiveCfg = Release|Any CPU
		{8AC57AC0-B433-44F0-B59B-AEF7521DEC8C}.Release|Any CPU.Build.0 = Release|Any CPU
	EndGlobalSection
	GlobalSection(SolutionProperties) = preSolution
		HideSolutionNode = FALSE
	EndGlobalSection
	GlobalSection(ExtensibilityGlobals) = postSolution
		SolutionGuid = {9C66434C-8455-4B8E-B36E-40F4B5891E9A}
	EndGlobalSection
EndGlobal
